
Microsoft Visual Studio Solution File, Format Version 12.00
# Visual Studio 14
VisualStudioVersion = 14.0.25420.1
MinimumVisualStudioVersion = 10.0.40219.1
Project("{FAE04EC0-301F-11D3-BF4B-00C04F79EFBC}") = "Одиноко проживающие", "Одиноко проживающие\Одиноко проживающие.csproj", "{C8222637-A3D2-4F60-AB96-B57B40F53ABD}"
EndProject
Project("{FAE04EC0-301F-11D3-BF4B-00C04F79EFBC}") = "Update", "Update\Update.csproj", "{5EA98F26-6566-4C49-BA18-816CBBF16505}"
EndProject
Global
	GlobalSection(SolutionConfigurationPlatforms) = preSolution
		Debug|Any CPU = Debug|Any CPU
		Release|Any CPU = Release|Any CPU
	EndGlobalSection
	GlobalSection(ProjectConfigurationPlatforms) = postSolution
		{C8222637-A3D2-4F60-AB96-B57B40F53ABD}.Debug|Any CPU.ActiveCfg = Debug|Any CPU
		{C8222637-A3D2-4F60-AB96-B57B40F53ABD}.Debug|Any CPU.Build.0 = Debug|Any CPU
		{C8222637-A3D2-4F60-AB96-B57B40F53ABD}.Release|Any CPU.ActiveCfg = Release|Any CPU
		{C8222637-A3D2-4F60-AB96-B57B40F53ABD}.Release|Any CPU.Build.0 = Release|Any CPU
		{5EA98F26-6566-4C49-BA18-816CBBF16505}.Debug|Any CPU.ActiveCfg = Debug|Any CPU
		{5EA98F26-6566-4C49-BA18-816CBBF16505}.Debug|Any CPU.Build.0 = Debug|Any CPU
		{5EA98F26-6566-4C49-BA18-816CBBF16505}.Release|Any CPU.ActiveCfg = Release|Any CPU
		{5EA98F26-6566-4C49-BA18-816CBBF16505}.Release|Any CPU.Build.0 = Release|Any CPU
	EndGlobalSection
	GlobalSection(SolutionProperties) = preSolution
		HideSolutionNode = FALSE
	EndGlobalSection
EndGlobal
